
Microsoft Visual Studio Solution File, Format Version 12.00
# Visual Studio Version 16
VisualStudioVersion = 16.0.31911.196
MinimumVisualStudioVersion = 10.0.40219.1
Project("{9A19103F-16F7-4668-BE54-9A1E7A4F7556}") = "Library", "Library.csproj", "{4A1B8BBB-4FED-4BB4-83DB-DD7726EE1056}"
EndProject
Global
	GlobalSection(SolutionConfigurationPlatforms) = preSolution
		Debug|Any CPU = Debug|Any CPU
		Release|Any CPU = Release|Any CPU
	EndGlobalSection
	GlobalSection(ProjectConfigurationPlatforms) = postSolution
		{4A1B8BBB-4FED-4BB4-83DB-DD7726EE1056}.Debug|Any CPU.ActiveCfg = Debug|Any CPU
		{4A1B8BBB-4FED-4BB4-83DB-DD7726EE1056}.Debug|Any CPU.Build.0 = Debug|Any CPU
		{4A1B8BBB-4FED-4BB4-83DB-DD7726EE1056}.Release|Any CPU.ActiveCfg = Release|Any CPU
		{4A1B8BBB-4FED-4BB4-83DB-DD7726EE1056}.Release|Any CPU.Build.0 = Release|Any CPU
	EndGlobalSection
	GlobalSection(SolutionProperties) = preSolution
		HideSolutionNode = FALSE
	EndGlobalSection
	GlobalSection(ExtensibilityGlobals) = postSolution
		SolutionGuid = {1EE4B74B-FB13-4AF5-9CE5-114177BCD5A7}
	EndGlobalSection
EndGlobal
